{
  "version": 4,
  "terraform_version": "0.14.4",
  "serial": 120,
  "lineage": "2a49890d-0324-088b-7165-719c6d6fc5b0",
  "outputs": {},
  "resources": [
    {
      "mode": "managed",
      "type": "google_compute_firewall",
      "name": "ssh-rule",
      "provider": "provider[\"registry.terraform.io/hashicorp/google\"]",
      "instances": [
        {
          "schema_version": 1,
          "attributes": {
            "allow": [
              {
                "ports": [
                  "22"
                ],
                "protocol": "tcp"
              }
            ],
            "creation_timestamp": "2021-02-07T10:35:41.549-08:00",
            "deny": [],
            "description": "",
            "destination_ranges": [],
            "direction": "INGRESS",
            "disabled": false,
            "enable_logging": null,
            "id": "projects/celo-303002/global/firewalls/celo-ssh",
            "log_config": [],
            "name": "celo-ssh",
            "network": "https://www.googleapis.com/compute/v1/projects/celo-303002/global/networks/celo-network",
            "priority": 1000,
            "project": "celo-303002",
            "self_link": "https://www.googleapis.com/compute/v1/projects/celo-303002/global/firewalls/celo-ssh",
            "source_ranges": [
              "0.0.0.0/0"
            ],
            "source_service_accounts": null,
            "source_tags": null,
            "target_service_accounts": null,
            "target_tags": [
              "celo-vm-instance"
            ],
            "timeouts": null
          },
          "sensitive_attributes": [],
          "private": "eyJlMmJmYjczMC1lY2FhLTExZTYtOGY4OC0zNDM2M2JjN2M0YzAiOnsiY3JlYXRlIjoyNDAwMDAwMDAwMDAsImRlbGV0ZSI6MjQwMDAwMDAwMDAwLCJ1cGRhdGUiOjI0MDAwMDAwMDAwMH0sInNjaGVtYV92ZXJzaW9uIjoiMSJ9",
          "dependencies": [
            "google_compute_network.vpc_network"
          ]
        }
      ]
    },
    {
      "mode": "managed",
      "type": "google_compute_instance",
      "name": "vm_instance",
      "provider": "provider[\"registry.terraform.io/hashicorp/google\"]",
      "instances": [
        {
          "schema_version": 6,
          "attributes": {
            "allow_stopping_for_update": null,
            "attached_disk": [],
            "boot_disk": [
              {
                "auto_delete": true,
                "device_name": "persistent-disk-0",
                "disk_encryption_key_raw": "",
                "disk_encryption_key_sha256": "",
                "initialize_params": [
                  {
                    "image": "https://www.googleapis.com/compute/v1/projects/debian-cloud/global/images/debian-9-stretch-v20210122",
                    "labels": {},
                    "size": 10,
                    "type": "pd-standard"
                  }
                ],
                "kms_key_self_link": "",
                "mode": "READ_WRITE",
                "source": "https://www.googleapis.com/compute/v1/projects/celo-303002/zones/us-central1-c/disks/celo-vm-instance"
              }
            ],
            "can_ip_forward": false,
            "confidential_instance_config": [],
            "cpu_platform": "Intel Haswell",
            "current_status": "RUNNING",
            "deletion_protection": false,
            "description": "",
            "desired_status": null,
            "enable_display": false,
            "guest_accelerator": [],
            "hostname": "",
            "id": "projects/celo-303002/zones/us-central1-c/instances/celo-vm-instance",
            "instance_id": "9086566744579738641",
            "label_fingerprint": "42WmSpB8rSM=",
            "labels": null,
            "machine_type": "f1-micro",
            "metadata": {
              "ssh-keys": "ansible:ssh-rsa AAAAB3NzaC1yc2EAAAADAQABAAABgQC2PjHIz19OKN4k6SjaDWU+wVeYp5GN9rAAuvD9PmgfpyBW3BsSQrTuhs6vcJEbIaBmc9GLP9icz3LtdJh/SfeLR92S0W+2ENEUq0ODrt1YC1YK3QwlLuBjtV335rj4M8oUgZtisaSOl/PgKlJsfwdsLUt2+eCWDDLV8BU+eHTtREHaalEi0GNC+CqaWpXQeaJZoLF2Eg6oe8pjiCaxcFU/SXMVNZNUEXRgA6BlErphl0oenRGByOTgfU0fd3l0qImyFDHHc45A9K1kC7hhC2MbqLi1Uaw905em6E6+qx3hVilZJ5tLZ2qAtm+rIxlAhIiuKDirBxKHat1OxttP2FkNvw3FWF9YGdzFJDVaCblb4QrRRQ+kSebS+BFXRV/7+1FcviYFcGjCjADj9CBF02B6mGei8JkhS/I6M5ajwlG5kVIIR2ScL1aNZipwpgc8+ULgULyqAy+DiJUd/ryldVs08TCdAhIpR0rMCIZ6GAbFkv/HGedS+Pf+fhDRosqk+W0= mohammad\n"
            },
            "metadata_fingerprint": "oZbIqy9lIPU=",
            "metadata_startup_script": "",
            "min_cpu_platform": "",
            "name": "celo-vm-instance",
            "network_interface": [
              {
                "access_config": [
                  {
                    "nat_ip": "34.67.146.208",
                    "network_tier": "PREMIUM",
                    "public_ptr_domain_name": ""
                  }
                ],
                "alias_ip_range": [],
                "name": "nic0",
                "network": "https://www.googleapis.com/compute/v1/projects/celo-303002/global/networks/celo-network",
                "network_ip": "10.128.0.2",
                "subnetwork": "https://www.googleapis.com/compute/v1/projects/celo-303002/regions/us-central1/subnetworks/celo-network",
                "subnetwork_project": "celo-303002"
              }
            ],
            "project": "celo-303002",
            "resource_policies": null,
            "scheduling": [
              {
                "automatic_restart": true,
                "node_affinities": [],
                "on_host_maintenance": "MIGRATE",
                "preemptible": false
              }
            ],
            "scratch_disk": [],
            "self_link": "https://www.googleapis.com/compute/v1/projects/celo-303002/zones/us-central1-c/instances/celo-vm-instance",
            "service_account": [],
            "shielded_instance_config": [],
            "tags": [
              "celo-vm-instance"
            ],
            "tags_fingerprint": "OQ-G5GdUFFE=",
            "timeouts": null,
            "zone": "us-central1-c"
          },
          "sensitive_attributes": [],
          "private": "eyJlMmJmYjczMC1lY2FhLTExZTYtOGY4OC0zNDM2M2JjN2M0YzAiOnsiY3JlYXRlIjoxMjAwMDAwMDAwMDAwLCJkZWxldGUiOjEyMDAwMDAwMDAwMDAsInVwZGF0ZSI6MTIwMDAwMDAwMDAwMH0sInNjaGVtYV92ZXJzaW9uIjoiNiJ9",
          "dependencies": [
            "google_compute_network.vpc_network"
          ]
        }
      ]
    },
    {
      "mode": "managed",
      "type": "google_compute_network",
      "name": "vpc_network",
      "provider": "provider[\"registry.terraform.io/hashicorp/google\"]",
      "instances": [
        {
          "schema_version": 0,
          "attributes": {
            "auto_create_subnetworks": true,
            "delete_default_routes_on_create": false,
            "description": "",
            "gateway_ipv4": "",
            "id": "projects/celo-303002/global/networks/celo-network",
            "mtu": 0,
            "name": "celo-network",
            "project": "celo-303002",
            "routing_mode": "REGIONAL",
            "self_link": "https://www.googleapis.com/compute/v1/projects/celo-303002/global/networks/celo-network",
            "timeouts": null
          },
          "sensitive_attributes": [],
          "private": "eyJlMmJmYjczMC1lY2FhLTExZTYtOGY4OC0zNDM2M2JjN2M0YzAiOnsiY3JlYXRlIjoyNDAwMDAwMDAwMDAsImRlbGV0ZSI6MjQwMDAwMDAwMDAwLCJ1cGRhdGUiOjI0MDAwMDAwMDAwMH19"
        }
      ]
    }
  ]
}
